{
  "version": 4,
  "terraform_version": "1.1.9",
  "serial": 56,
  "lineage": "2cf659fe-e7d5-03e4-4165-01092c317627",
  "outputs": {},
  "resources": [
    {
      "mode": "managed",
      "type": "azuredevops_project",
      "name": "ado",
      "provider": "provider[\"registry.terraform.io/microsoft/azuredevops\"]",
      "instances": [
        {
          "schema_version": 0,
          "attributes": {
            "description": "Test Azure DevOps Project for Data Factory Pipelines",
            "features": {
              "artifacts": "enabled",
              "boards": "enabled",
              "pipelines": "enabled",
              "repositories": "enabled",
              "testplans": "enabled"
            },
            "id": "76ce0c24-fae6-4844-b2d9-a7dc7caf53c0",
            "name": "BBAAviation-Data-Factory",
            "process_template_id": "b8a3a935-7e91-48b8-a94c-606d37c3e9f2",
            "timeouts": null,
            "version_control": "Git",
            "visibility": "private",
            "work_item_template": "Basic"
          },
          "sensitive_attributes": [],
          "private": "eyJlMmJmYjczMC1lY2FhLTExZTYtOGY4OC0zNDM2M2JjN2M0YzAiOnsiY3JlYXRlIjo2MDAwMDAwMDAwMDAsImRlbGV0ZSI6NjAwMDAwMDAwMDAwLCJyZWFkIjozMDAwMDAwMDAwMDAsInVwZGF0ZSI6NjAwMDAwMDAwMDAwfX0="
        }
      ]
    },
    {
      "mode": "managed",
      "type": "azurerm_data_factory",
      "name": "datafactorydev",
      "provider": "provider[\"registry.terraform.io/hashicorp/azurerm\"]",
      "instances": [
        {
          "schema_version": 2,
          "attributes": {
            "customer_managed_key_id": "",
            "customer_managed_key_identity_id": "",
            "github_configuration": [],
            "global_parameter": [],
            "id": "/subscriptions/bcb84c96-57ea-424d-bf13-7a36ba28eb8d/resourceGroups/to-rg-dev-001/providers/Microsoft.DataFactory/factories/adf-emissions-dev",
            "identity": [],
            "location": "eastus",
            "managed_virtual_network_enabled": true,
            "name": "adf-emissions-dev",
            "public_network_enabled": true,
            "resource_group_name": "to-rg-dev-001",
            "tags": {},
            "timeouts": null,
            "vsts_configuration": []
          },
          "sensitive_attributes": [],
          "private": "eyJlMmJmYjczMC1lY2FhLTExZTYtOGY4OC0zNDM2M2JjN2M0YzAiOnsiY3JlYXRlIjoxODAwMDAwMDAwMDAwLCJkZWxldGUiOjE4MDAwMDAwMDAwMDAsInJlYWQiOjMwMDAwMDAwMDAwMCwidXBkYXRlIjoxODAwMDAwMDAwMDAwfSwic2NoZW1hX3ZlcnNpb24iOiIyIn0=",
          "dependencies": [
            "azurerm_resource_group.datadev"
          ]
        }
      ]
    },
    {
      "mode": "managed",
      "type": "azurerm_data_factory",
      "name": "datafactorytest",
      "provider": "provider[\"registry.terraform.io/hashicorp/azurerm\"]",
      "instances": [
        {
          "schema_version": 2,
          "attributes": {
            "customer_managed_key_id": "",
            "customer_managed_key_identity_id": "",
            "github_configuration": [],
            "global_parameter": [],
            "id": "/subscriptions/bcb84c96-57ea-424d-bf13-7a36ba28eb8d/resourceGroups/to-rg-test-001/providers/Microsoft.DataFactory/factories/adf-emissions-test",
            "identity": [],
            "location": "eastus",
            "managed_virtual_network_enabled": true,
            "name": "adf-emissions-test",
            "public_network_enabled": true,
            "resource_group_name": "to-rg-test-001",
            "tags": {},
            "timeouts": null,
            "vsts_configuration": []
          },
          "sensitive_attributes": [],
          "private": "eyJlMmJmYjczMC1lY2FhLTExZTYtOGY4OC0zNDM2M2JjN2M0YzAiOnsiY3JlYXRlIjoxODAwMDAwMDAwMDAwLCJkZWxldGUiOjE4MDAwMDAwMDAwMDAsInJlYWQiOjMwMDAwMDAwMDAwMCwidXBkYXRlIjoxODAwMDAwMDAwMDAwfSwic2NoZW1hX3ZlcnNpb24iOiIyIn0=",
          "dependencies": [
            "azurerm_resource_group.datatest"
          ]
        }
      ]
    },
    {
      "mode": "managed",
      "type": "azurerm_lb",
      "name": "adflb",
      "provider": "provider[\"registry.terraform.io/hashicorp/azurerm\"]",
      "instances": [
        {
          "schema_version": 0,
          "attributes": {
            "edge_zone": "",
            "frontend_ip_configuration": [
              {
                "gateway_load_balancer_frontend_ip_configuration_id": "",
                "id": "/subscriptions/bcb84c96-57ea-424d-bf13-7a36ba28eb8d/resourceGroups/to-rg-dev-001/providers/Microsoft.Network/loadBalancers/lb-adfvpn-dev-001/frontendIPConfigurations/pip-adfvpn-dev-001",
                "inbound_nat_rules": [],
                "load_balancer_rules": [],
                "name": "pip-adfvpn-dev-001",
                "outbound_rules": [],
                "private_ip_address": "",
                "private_ip_address_allocation": "Dynamic",
                "private_ip_address_version": "",
                "public_ip_address_id": "/subscriptions/bcb84c96-57ea-424d-bf13-7a36ba28eb8d/resourceGroups/to-rg-dev-001/providers/Microsoft.Network/publicIPAddresses/pip-adfvpn-dev-001",
                "public_ip_prefix_id": "",
                "subnet_id": "",
                "zones": []
              }
            ],
            "id": "/subscriptions/bcb84c96-57ea-424d-bf13-7a36ba28eb8d/resourceGroups/to-rg-dev-001/providers/Microsoft.Network/loadBalancers/lb-adfvpn-dev-001",
            "location": "eastus",
            "name": "lb-adfvpn-dev-001",
            "private_ip_address": "",
            "private_ip_addresses": [],
            "resource_group_name": "to-rg-dev-001",
            "sku": "Standard",
            "sku_tier": "Regional",
            "tags": {},
            "timeouts": null
          },
          "sensitive_attributes": [],
          "private": "eyJlMmJmYjczMC1lY2FhLTExZTYtOGY4OC0zNDM2M2JjN2M0YzAiOnsiY3JlYXRlIjoxODAwMDAwMDAwMDAwLCJkZWxldGUiOjE4MDAwMDAwMDAwMDAsInJlYWQiOjMwMDAwMDAwMDAwMCwidXBkYXRlIjoxODAwMDAwMDAwMDAwfX0=",
          "dependencies": [
            "azurerm_public_ip.pip",
            "azurerm_resource_group.datadev"
          ]
        }
      ]
    },
    {
      "mode": "managed",
      "type": "azurerm_lb_backend_address_pool",
      "name": "this",
      "provider": "provider[\"registry.terraform.io/hashicorp/azurerm\"]",
      "instances": [
        {
          "schema_version": 0,
          "attributes": {
            "backend_ip_configurations": [],
            "id": "/subscriptions/bcb84c96-57ea-424d-bf13-7a36ba28eb8d/resourceGroups/to-rg-dev-001/providers/Microsoft.Network/loadBalancers/lb-adfvpn-dev-001/backendAddressPools/BackEndAddressPool",
            "load_balancing_rules": [],
            "loadbalancer_id": "/subscriptions/bcb84c96-57ea-424d-bf13-7a36ba28eb8d/resourceGroups/to-rg-dev-001/providers/Microsoft.Network/loadBalancers/lb-adfvpn-dev-001",
            "name": "BackEndAddressPool",
            "outbound_rules": [],
            "timeouts": null,
            "tunnel_interface": []
          },
          "sensitive_attributes": [],
          "private": "eyJlMmJmYjczMC1lY2FhLTExZTYtOGY4OC0zNDM2M2JjN2M0YzAiOnsiY3JlYXRlIjoxODAwMDAwMDAwMDAwLCJkZWxldGUiOjE4MDAwMDAwMDAwMDAsInJlYWQiOjMwMDAwMDAwMDAwMCwidXBkYXRlIjoxODAwMDAwMDAwMDAwfX0=",
          "dependencies": [
            "azurerm_lb.adflb",
            "azurerm_public_ip.pip",
            "azurerm_resource_group.datadev"
          ]
        }
      ]
    },
    {
      "mode": "managed",
      "type": "azurerm_lb_probe",
      "name": "this",
      "provider": "provider[\"registry.terraform.io/hashicorp/azurerm\"]",
      "instances": [
        {
          "schema_version": 0,
          "attributes": {
            "id": "/subscriptions/bcb84c96-57ea-424d-bf13-7a36ba28eb8d/resourceGroups/to-rg-dev-001/providers/Microsoft.Network/loadBalancers/lb-adfvpn-dev-001/probes/adf-dev-running-probe",
            "interval_in_seconds": 15,
            "load_balancer_rules": [],
            "loadbalancer_id": "/subscriptions/bcb84c96-57ea-424d-bf13-7a36ba28eb8d/resourceGroups/to-rg-dev-001/providers/Microsoft.Network/loadBalancers/lb-adfvpn-dev-001",
            "name": "adf-dev-running-probe",
            "number_of_probes": 2,
            "port": 22,
            "protocol": "Tcp",
            "request_path": "",
            "timeouts": null
          },
          "sensitive_attributes": [],
          "private": "eyJlMmJmYjczMC1lY2FhLTExZTYtOGY4OC0zNDM2M2JjN2M0YzAiOnsiY3JlYXRlIjoxODAwMDAwMDAwMDAwLCJkZWxldGUiOjE4MDAwMDAwMDAwMDAsInJlYWQiOjMwMDAwMDAwMDAwMCwidXBkYXRlIjoxODAwMDAwMDAwMDAwfX0=",
          "dependencies": [
            "azurerm_lb.adflb",
            "azurerm_public_ip.pip",
            "azurerm_resource_group.datadev"
          ]
        }
      ]
    },
    {
      "mode": "managed",
      "type": "azurerm_lb_rule",
      "name": "this",
      "provider": "provider[\"registry.terraform.io/hashicorp/azurerm\"]",
      "instances": [
        {
          "schema_version": 0,
          "attributes": {
            "backend_address_pool_ids": null,
            "backend_port": 1433,
            "disable_outbound_snat": false,
            "enable_floating_ip": false,
            "enable_tcp_reset": false,
            "frontend_ip_configuration_id": "/subscriptions/bcb84c96-57ea-424d-bf13-7a36ba28eb8d/resourceGroups/to-rg-dev-001/providers/Microsoft.Network/loadBalancers/lb-adfvpn-dev-001/frontendIPConfigurations/pip-adfvpn-dev-001",
            "frontend_ip_configuration_name": "pip-adfvpn-dev-001",
            "frontend_port": 1433,
            "id": "/subscriptions/bcb84c96-57ea-424d-bf13-7a36ba28eb8d/resourceGroups/to-rg-dev-001/providers/Microsoft.Network/loadBalancers/lb-adfvpn-dev-001/loadBalancingRules/adf-dev-LBRule",
            "idle_timeout_in_minutes": 15,
            "load_distribution": "Default",
            "loadbalancer_id": "/subscriptions/bcb84c96-57ea-424d-bf13-7a36ba28eb8d/resourceGroups/to-rg-dev-001/providers/Microsoft.Network/loadBalancers/lb-adfvpn-dev-001",
            "name": "adf-dev-LBRule",
            "probe_id": "/subscriptions/bcb84c96-57ea-424d-bf13-7a36ba28eb8d/resourceGroups/to-rg-dev-001/providers/Microsoft.Network/loadBalancers/lb-adfvpn-dev-001/probes/adf-dev-running-probe",
            "protocol": "Tcp",
            "timeouts": null
          },
          "sensitive_attributes": [],
          "private": "eyJlMmJmYjczMC1lY2FhLTExZTYtOGY4OC0zNDM2M2JjN2M0YzAiOnsiY3JlYXRlIjoxODAwMDAwMDAwMDAwLCJkZWxldGUiOjE4MDAwMDAwMDAwMDAsInJlYWQiOjMwMDAwMDAwMDAwMCwidXBkYXRlIjoxODAwMDAwMDAwMDAwfX0=",
          "dependencies": [
            "azurerm_lb.adflb",
            "azurerm_lb_probe.this",
            "azurerm_public_ip.pip"
          ]
        }
      ]
    },
    {
      "mode": "managed",
      "type": "azurerm_private_endpoint",
      "name": "this",
      "provider": "provider[\"registry.terraform.io/hashicorp/azurerm\"]",
      "instances": [
        {
          "schema_version": 0,
          "attributes": {
            "custom_dns_configs": [],
            "id": "/subscriptions/bcb84c96-57ea-424d-bf13-7a36ba28eb8d/resourceGroups/to-rg-dev-001/providers/Microsoft.Network/privateEndpoints/adf-endpoint-dev-001",
            "location": "eastus",
            "name": "adf-endpoint-dev-001",
            "network_interface": [
              {
                "id": "/subscriptions/bcb84c96-57ea-424d-bf13-7a36ba28eb8d/resourceGroups/to-rg-dev-001/providers/Microsoft.Network/networkInterfaces/adf-endpoint-dev-001.nic.2f6e6451-c579-47e1-8c45-6680c0e22bc6",
                "name": "adf-endpoint-dev-001.nic.2f6e6451-c579-47e1-8c45-6680c0e22bc6"
              }
            ],
            "private_dns_zone_configs": [],
            "private_dns_zone_group": [],
            "private_service_connection": [
              {
                "is_manual_connection": false,
                "name": "adf-privateserviceconnection-dev-001",
                "private_connection_resource_alias": "",
                "private_connection_resource_id": "/subscriptions/bcb84c96-57ea-424d-bf13-7a36ba28eb8d/resourceGroups/to-rg-dev-001/providers/Microsoft.Network/privateLinkServices/adf-privatelink-dev-001",
                "private_ip_address": "10.96.25.4",
                "request_message": "",
                "subresource_names": []
              }
            ],
            "resource_group_name": "to-rg-dev-001",
            "subnet_id": "/subscriptions/bcb84c96-57ea-424d-bf13-7a36ba28eb8d/resourceGroups/to-rg-dev-001/providers/Microsoft.Network/virtualNetworks/VN-adf-dev001/subnets/adf-endpoint-Subnet-001",
            "tags": {},
            "timeouts": null
          },
          "sensitive_attributes": [],
          "private": "eyJlMmJmYjczMC1lY2FhLTExZTYtOGY4OC0zNDM2M2JjN2M0YzAiOnsiY3JlYXRlIjozNjAwMDAwMDAwMDAwLCJkZWxldGUiOjM2MDAwMDAwMDAwMDAsInJlYWQiOjMwMDAwMDAwMDAwMCwidXBkYXRlIjozNjAwMDAwMDAwMDAwfX0=",
          "dependencies": [
            "azurerm_lb.adflb",
            "azurerm_private_link_service.this",
            "azurerm_public_ip.pip",
            "azurerm_resource_group.datadev",
            "azurerm_subnet.endpoint",
            "azurerm_subnet.this",
            "azurerm_virtual_network.this"
          ]
        }
      ]
    },
    {
      "mode": "managed",
      "type": "azurerm_private_link_service",
      "name": "this",
      "provider": "provider[\"registry.terraform.io/hashicorp/azurerm\"]",
      "instances": [
        {
          "schema_version": 0,
          "attributes": {
            "alias": "adf-privatelink-dev-001.44b274ac-31ff-4d63-9611-f11d6467a8ed.eastus.azure.privatelinkservice",
            "auto_approval_subscription_ids": [],
            "enable_proxy_protocol": false,
            "id": "/subscriptions/bcb84c96-57ea-424d-bf13-7a36ba28eb8d/resourceGroups/to-rg-dev-001/providers/Microsoft.Network/privateLinkServices/adf-privatelink-dev-001",
            "load_balancer_frontend_ip_configuration_ids": [
              "/subscriptions/bcb84c96-57ea-424d-bf13-7a36ba28eb8d/resourceGroups/to-rg-dev-001/providers/Microsoft.Network/loadBalancers/lb-adfvpn-dev-001/frontendIPConfigurations/pip-adfvpn-dev-001"
            ],
            "location": "eastus",
            "name": "adf-privatelink-dev-001",
            "nat_ip_configuration": [
              {
                "name": "pip-adfvpn-dev-001",
                "primary": true,
                "private_ip_address": "",
                "private_ip_address_version": "IPv4",
                "subnet_id": "/subscriptions/bcb84c96-57ea-424d-bf13-7a36ba28eb8d/resourceGroups/to-rg-dev-001/providers/Microsoft.Network/virtualNetworks/VN-adf-dev001/subnets/adf-service-Subnet-001"
              }
            ],
            "resource_group_name": "to-rg-dev-001",
            "tags": {},
            "timeouts": null,
            "visibility_subscription_ids": []
          },
          "sensitive_attributes": [],
          "private": "eyJlMmJmYjczMC1lY2FhLTExZTYtOGY4OC0zNDM2M2JjN2M0YzAiOnsiY3JlYXRlIjozNjAwMDAwMDAwMDAwLCJkZWxldGUiOjM2MDAwMDAwMDAwMDAsInJlYWQiOjMwMDAwMDAwMDAwMCwidXBkYXRlIjozNjAwMDAwMDAwMDAwfX0=",
          "dependencies": [
            "azurerm_lb.adflb",
            "azurerm_public_ip.pip",
            "azurerm_resource_group.datadev",
            "azurerm_subnet.this",
            "azurerm_virtual_network.this"
          ]
        }
      ]
    },
    {
      "mode": "managed",
      "type": "azurerm_public_ip",
      "name": "pip",
      "provider": "provider[\"registry.terraform.io/hashicorp/azurerm\"]",
      "instances": [
        {
          "schema_version": 0,
          "attributes": {
            "allocation_method": "Static",
            "domain_name_label": null,
            "edge_zone": "",
            "fqdn": null,
            "id": "/subscriptions/bcb84c96-57ea-424d-bf13-7a36ba28eb8d/resourceGroups/to-rg-dev-001/providers/Microsoft.Network/publicIPAddresses/pip-adfvpn-dev-001",
            "idle_timeout_in_minutes": 4,
            "ip_address": "20.127.130.52",
            "ip_tags": {},
            "ip_version": "IPv4",
            "location": "eastus",
            "name": "pip-adfvpn-dev-001",
            "public_ip_prefix_id": null,
            "resource_group_name": "to-rg-dev-001",
            "reverse_fqdn": null,
            "sku": "Standard",
            "sku_tier": "Regional",
            "tags": {},
            "timeouts": null,
            "zones": []
          },
          "sensitive_attributes": [],
          "private": "eyJlMmJmYjczMC1lY2FhLTExZTYtOGY4OC0zNDM2M2JjN2M0YzAiOnsiY3JlYXRlIjoxODAwMDAwMDAwMDAwLCJkZWxldGUiOjE4MDAwMDAwMDAwMDAsInJlYWQiOjMwMDAwMDAwMDAwMCwidXBkYXRlIjoxODAwMDAwMDAwMDAwfX0=",
          "dependencies": [
            "azurerm_resource_group.datadev"
          ]
        }
      ]
    },
    {
      "mode": "managed",
      "type": "azurerm_resource_group",
      "name": "datadev",
      "provider": "provider[\"registry.terraform.io/hashicorp/azurerm\"]",
      "instances": [
        {
          "schema_version": 0,
          "attributes": {
            "id": "/subscriptions/bcb84c96-57ea-424d-bf13-7a36ba28eb8d/resourceGroups/to-rg-dev-001",
            "location": "eastus",
            "name": "to-rg-dev-001",
            "tags": {},
            "timeouts": null
          },
          "sensitive_attributes": [],
          "private": "eyJlMmJmYjczMC1lY2FhLTExZTYtOGY4OC0zNDM2M2JjN2M0YzAiOnsiY3JlYXRlIjo1NDAwMDAwMDAwMDAwLCJkZWxldGUiOjU0MDAwMDAwMDAwMDAsInJlYWQiOjMwMDAwMDAwMDAwMCwidXBkYXRlIjo1NDAwMDAwMDAwMDAwfX0="
        }
      ]
    },
    {
      "mode": "managed",
      "type": "azurerm_resource_group",
      "name": "datatest",
      "provider": "provider[\"registry.terraform.io/hashicorp/azurerm\"]",
      "instances": [
        {
          "schema_version": 0,
          "attributes": {
            "id": "/subscriptions/bcb84c96-57ea-424d-bf13-7a36ba28eb8d/resourceGroups/to-rg-test-001",
            "location": "eastus",
            "name": "to-rg-test-001",
            "tags": {},
            "timeouts": null
          },
          "sensitive_attributes": [],
          "private": "eyJlMmJmYjczMC1lY2FhLTExZTYtOGY4OC0zNDM2M2JjN2M0YzAiOnsiY3JlYXRlIjo1NDAwMDAwMDAwMDAwLCJkZWxldGUiOjU0MDAwMDAwMDAwMDAsInJlYWQiOjMwMDAwMDAwMDAwMCwidXBkYXRlIjo1NDAwMDAwMDAwMDAwfX0="
        }
      ]
    },
    {
      "mode": "managed",
      "type": "azurerm_subnet",
      "name": "endpoint",
      "provider": "provider[\"registry.terraform.io/hashicorp/azurerm\"]",
      "instances": [
        {
          "schema_version": 0,
          "attributes": {
            "address_prefixes": [
              "10.96.25.0/24"
            ],
            "delegation": [],
            "enforce_private_link_endpoint_network_policies": true,
            "enforce_private_link_service_network_policies": false,
            "id": "/subscriptions/bcb84c96-57ea-424d-bf13-7a36ba28eb8d/resourceGroups/to-rg-dev-001/providers/Microsoft.Network/virtualNetworks/VN-adf-dev001/subnets/adf-endpoint-Subnet-001",
            "name": "adf-endpoint-Subnet-001",
            "resource_group_name": "to-rg-dev-001",
            "service_endpoint_policy_ids": [],
            "service_endpoints": [],
            "timeouts": null,
            "virtual_network_name": "VN-adf-dev001"
          },
          "sensitive_attributes": [],
          "private": "eyJlMmJmYjczMC1lY2FhLTExZTYtOGY4OC0zNDM2M2JjN2M0YzAiOnsiY3JlYXRlIjoxODAwMDAwMDAwMDAwLCJkZWxldGUiOjE4MDAwMDAwMDAwMDAsInJlYWQiOjMwMDAwMDAwMDAwMCwidXBkYXRlIjoxODAwMDAwMDAwMDAwfX0=",
          "dependencies": [
            "azurerm_resource_group.datadev",
            "azurerm_virtual_network.this"
          ]
        }
      ]
    },
    {
      "mode": "managed",
      "type": "azurerm_subnet",
      "name": "this",
      "provider": "provider[\"registry.terraform.io/hashicorp/azurerm\"]",
      "instances": [
        {
          "schema_version": 0,
          "attributes": {
            "address_prefixes": [
              "10.96.24.0/24"
            ],
            "delegation": [],
            "enforce_private_link_endpoint_network_policies": false,
            "enforce_private_link_service_network_policies": true,
            "id": "/subscriptions/bcb84c96-57ea-424d-bf13-7a36ba28eb8d/resourceGroups/to-rg-dev-001/providers/Microsoft.Network/virtualNetworks/VN-adf-dev001/subnets/adf-service-Subnet-001",
            "name": "adf-service-Subnet-001",
            "resource_group_name": "to-rg-dev-001",
            "service_endpoint_policy_ids": [],
            "service_endpoints": [],
            "timeouts": null,
            "virtual_network_name": "VN-adf-dev001"
          },
          "sensitive_attributes": [],
          "private": "eyJlMmJmYjczMC1lY2FhLTExZTYtOGY4OC0zNDM2M2JjN2M0YzAiOnsiY3JlYXRlIjoxODAwMDAwMDAwMDAwLCJkZWxldGUiOjE4MDAwMDAwMDAwMDAsInJlYWQiOjMwMDAwMDAwMDAwMCwidXBkYXRlIjoxODAwMDAwMDAwMDAwfX0=",
          "dependencies": [
            "azurerm_resource_group.datadev",
            "azurerm_virtual_network.this"
          ]
        }
      ]
    },
    {
      "mode": "managed",
      "type": "azurerm_virtual_network",
      "name": "this",
      "provider": "provider[\"registry.terraform.io/hashicorp/azurerm\"]",
      "instances": [
        {
          "schema_version": 0,
          "attributes": {
            "address_space": [
              "10.96.24.0/21"
            ],
            "bgp_community": "",
            "ddos_protection_plan": [],
            "dns_servers": [],
            "edge_zone": "",
            "flow_timeout_in_minutes": 0,
            "guid": "74c35106-61d4-4394-a5ea-122a2666f247",
            "id": "/subscriptions/bcb84c96-57ea-424d-bf13-7a36ba28eb8d/resourceGroups/to-rg-dev-001/providers/Microsoft.Network/virtualNetworks/VN-adf-dev001",
            "location": "eastus",
            "name": "VN-adf-dev001",
            "resource_group_name": "to-rg-dev-001",
            "subnet": [
              {
                "address_prefix": "10.96.24.0/24",
                "id": "/subscriptions/bcb84c96-57ea-424d-bf13-7a36ba28eb8d/resourceGroups/to-rg-dev-001/providers/Microsoft.Network/virtualNetworks/VN-adf-dev001/subnets/adf-service-Subnet-001",
                "name": "adf-service-Subnet-001",
                "security_group": ""
              },
              {
                "address_prefix": "10.96.25.0/24",
                "id": "/subscriptions/bcb84c96-57ea-424d-bf13-7a36ba28eb8d/resourceGroups/to-rg-dev-001/providers/Microsoft.Network/virtualNetworks/VN-adf-dev001/subnets/adf-endpoint-Subnet-001",
                "name": "adf-endpoint-Subnet-001",
                "security_group": ""
              }
            ],
            "tags": {
              "Description": "This Vnet is used Azure Data Factory.",
              "Environment": "Development"
            },
            "timeouts": null
          },
          "sensitive_attributes": [],
          "private": "eyJlMmJmYjczMC1lY2FhLTExZTYtOGY4OC0zNDM2M2JjN2M0YzAiOnsiY3JlYXRlIjoxODAwMDAwMDAwMDAwLCJkZWxldGUiOjE4MDAwMDAwMDAwMDAsInJlYWQiOjMwMDAwMDAwMDAwMCwidXBkYXRlIjoxODAwMDAwMDAwMDAwfX0=",
          "dependencies": [
            "azurerm_resource_group.datadev"
          ]
        }
      ]
    }
  ]
}
